
Microsoft Visual Studio Solution File, Format Version 12.00
# Visual Studio Version 16
VisualStudioVersion = 16.0.31129.286
MinimumVisualStudioVersion = 10.0.40219.1
Project("{FAE04EC0-301F-11D3-BF4B-00C04F79EFBC}") = "TechnologyEquipmentStore", "TechnologyEquipmentStore\TechnologyEquipmentStore.csproj", "{489B4FD4-A71A-4B19-B213-02867A3B760D}"
EndProject
Global
	GlobalSection(SolutionConfigurationPlatforms) = preSolution
		Debug|Any CPU = Debug|Any CPU
		Release|Any CPU = Release|Any CPU
	EndGlobalSection
	GlobalSection(ProjectConfigurationPlatforms) = postSolution
		{489B4FD4-A71A-4B19-B213-02867A3B760D}.Debug|Any CPU.ActiveCfg = Debug|Any CPU
		{489B4FD4-A71A-4B19-B213-02867A3B760D}.Debug|Any CPU.Build.0 = Debug|Any CPU
		{489B4FD4-A71A-4B19-B213-02867A3B760D}.Release|Any CPU.ActiveCfg = Release|Any CPU
		{489B4FD4-A71A-4B19-B213-02867A3B760D}.Release|Any CPU.Build.0 = Release|Any CPU
	EndGlobalSection
	GlobalSection(SolutionProperties) = preSolution
		HideSolutionNode = FALSE
	EndGlobalSection
	GlobalSection(ExtensibilityGlobals) = postSolution
		SolutionGuid = {2BC660FD-702B-4BFC-A88D-1ADE39AB05B4}
	EndGlobalSection
EndGlobal
